// !$*UTF8*$!
{
	archiveVersion = 1;
	classes = {
	};
	objectVersion = 52;
	objects = {

/* Begin PBXBuildFile section */
		103899E526D405B9002115E9 /* CryptoSwift in Frameworks */ = {isa = PBXBuildFile; productRef = 103899E426D405B9002115E9 /* CryptoSwift */; };
		10C2CA8826B57E5600B89123 /* AppDelegate.swift in Sources */ = {isa = PBXBuildFile; fileRef = 10C2CA8726B57E5600B89123 /* AppDelegate.swift */; };
		10C2CA8A26B57E5600B89123 /* SceneDelegate.swift in Sources */ = {isa = PBXBuildFile; fileRef = 10C2CA8926B57E5600B89123 /* SceneDelegate.swift */; };
		10C2CA8C26B57E5600B89123 /* ViewController.swift in Sources */ = {isa = PBXBuildFile; fileRef = 10C2CA8B26B57E5600B89123 /* ViewController.swift */; };
		10C2CA8F26B57E5600B89123 /* Main.storyboard in Resources */ = {isa = PBXBuildFile; fileRef = 10C2CA8D26B57E5600B89123 /* Main.storyboard */; };
		10C2CA9126B57E5800B89123 /* Assets.xcassets in Resources */ = {isa = PBXBuildFile; fileRef = 10C2CA9026B57E5800B89123 /* Assets.xcassets */; };
		10C2CA9426B57E5800B89123 /* LaunchScreen.storyboard in Resources */ = {isa = PBXBuildFile; fileRef = 10C2CA9226B57E5800B89123 /* LaunchScreen.storyboard */; };
		10C2CA9F26B57E5800B89123 /* PodSDKTests.swift in Sources */ = {isa = PBXBuildFile; fileRef = 10C2CA9E26B57E5800B89123 /* PodSDKTests.swift */; };
		10C2CAC526B5858800B89123 /* PodState.swift in Sources */ = {isa = PBXBuildFile; fileRef = 10C2CAC426B5858800B89123 /* PodState.swift */; };
		10C2CACB26BA2F8D00B89123 /* KeyExchange.swift in Sources */ = {isa = PBXBuildFile; fileRef = 10C2CACA26BA2F8D00B89123 /* KeyExchange.swift */; };
		10C2CACD26BA2FD100B89123 /* LTKExchanger.swift in Sources */ = {isa = PBXBuildFile; fileRef = 10C2CACC26BA2FD100B89123 /* LTKExchanger.swift */; };
		10C2CAD426BA3FDB00B89123 /* BLEErrors.swift in Sources */ = {isa = PBXBuildFile; fileRef = 10C2CAD326BA3FDB00B89123 /* BLEErrors.swift */; };
		10C2CAD626BB8DBF00B89123 /* PairMessage.swift in Sources */ = {isa = PBXBuildFile; fileRef = 10C2CAD526BB8DBF00B89123 /* PairMessage.swift */; };
		10C2CAD826BB8F2100B89123 /* PairResult.swift in Sources */ = {isa = PBXBuildFile; fileRef = 10C2CAD726BB8F2100B89123 /* PairResult.swift */; };
		10C2CADB26BB946400B89123 /* MessageType.swift in Sources */ = {isa = PBXBuildFile; fileRef = 10C2CADA26BB946400B89123 /* MessageType.swift */; };
		10C2CADD26BB95B400B89123 /* MessagePacket.swift in Sources */ = {isa = PBXBuildFile; fileRef = 10C2CADC26BB95B400B89123 /* MessagePacket.swift */; };
		10C2CAE326BCE1BD00B89123 /* Ids.swift in Sources */ = {isa = PBXBuildFile; fileRef = 10C2CAE226BCE1BD00B89123 /* Ids.swift */; };
		10C2CAE526BCE36F00B89123 /* Id.swift in Sources */ = {isa = PBXBuildFile; fileRef = 10C2CAE426BCE36F00B89123 /* Id.swift */; };
		10C2CAE726BCF09A00B89123 /* StringLengthPrefixEncoding.swift in Sources */ = {isa = PBXBuildFile; fileRef = 10C2CAE626BCF09A00B89123 /* StringLengthPrefixEncoding.swift */; };
		10C2CAE926C09F0400B89123 /* X25519KeyGenerator.swift in Sources */ = {isa = PBXBuildFile; fileRef = 10C2CAE826C09F0400B89123 /* X25519KeyGenerator.swift */; };
		10C2CAEB26C09F1600B89123 /* RandomByteGenerator.swift in Sources */ = {isa = PBXBuildFile; fileRef = 10C2CAEA26C09F1600B89123 /* RandomByteGenerator.swift */; };
		10C2CAEE26C4C3CD00B89123 /* BLEPacket.swift in Sources */ = {isa = PBXBuildFile; fileRef = 10C2CAED26C4C3CD00B89123 /* BLEPacket.swift */; };
		10C2CAF026C4C3F600B89123 /* PayloadJoiner.swift in Sources */ = {isa = PBXBuildFile; fileRef = 10C2CAEF26C4C3F600B89123 /* PayloadJoiner.swift */; };
		10C2CAF226C4C40600B89123 /* PayloadSplitter.swift in Sources */ = {isa = PBXBuildFile; fileRef = 10C2CAF126C4C40600B89123 /* PayloadSplitter.swift */; };
		10C2CAF826CC255200B89123 /* PeripheralManager.swift in Sources */ = {isa = PBXBuildFile; fileRef = 10C2CAF726CC255200B89123 /* PeripheralManager.swift */; };
		10C2CAFA26CC5BAA00B89123 /* OSLog.swift in Sources */ = {isa = PBXBuildFile; fileRef = 10C2CAF926CC5BAA00B89123 /* OSLog.swift */; };
		10C2CAFE26CC693B00B89123 /* PodCommands.swift in Sources */ = {isa = PBXBuildFile; fileRef = 10C2CAFD26CC693B00B89123 /* PodCommands.swift */; };
		10C2CB0026CC72BA00B89123 /* PodKit.swift in Sources */ = {isa = PBXBuildFile; fileRef = 10C2CAFF26CC72BA00B89123 /* PodKit.swift */; };
		10C2CB0226CD411E00B89123 /* PeripheralManagerError.swift in Sources */ = {isa = PBXBuildFile; fileRef = 10C2CB0126CD411E00B89123 /* PeripheralManagerError.swift */; };
		10C2CB0426CD449100B89123 /* BluetoothManager.swift in Sources */ = {isa = PBXBuildFile; fileRef = 10C2CB0326CD449100B89123 /* BluetoothManager.swift */; };
		10C2CB0726CD45C700B89123 /* Locked.swift in Sources */ = {isa = PBXBuildFile; fileRef = 10C2CB0626CD45C700B89123 /* Locked.swift */; };
		10C2CB0926CDD49100B89123 /* PodDevice.swift in Sources */ = {isa = PBXBuildFile; fileRef = 10C2CB0826CDD49100B89123 /* PodDevice.swift */; };
		10C2CB0B26CDF76C00B89123 /* CBCentralManager.swift in Sources */ = {isa = PBXBuildFile; fileRef = 10C2CB0A26CDF76C00B89123 /* CBCentralManager.swift */; };
/* End PBXBuildFile section */

/* Begin PBXContainerItemProxy section */
		10C2CA9B26B57E5800B89123 /* PBXContainerItemProxy */ = {
			isa = PBXContainerItemProxy;
			containerPortal = 10C2CA7C26B57E5600B89123 /* Project object */;
			proxyType = 1;
			remoteGlobalIDString = 10C2CA8326B57E5600B89123;
			remoteInfo = OpenPodSDK;
		};
		10C2CAA626B57E5800B89123 /* PBXContainerItemProxy */ = {
			isa = PBXContainerItemProxy;
			containerPortal = 10C2CA7C26B57E5600B89123 /* Project object */;
			proxyType = 1;
			remoteGlobalIDString = 10C2CA8326B57E5600B89123;
			remoteInfo = OpenPodSDK;
		};
/* End PBXContainerItemProxy section */

/* Begin PBXFileReference section */
		10C2CA8426B57E5600B89123 /* OpenPodSDK.app */ = {isa = PBXFileReference; explicitFileType = wrapper.application; includeInIndex = 0; path = OpenPodSDK.app; sourceTree = BUILT_PRODUCTS_DIR; };
		10C2CA8726B57E5600B89123 /* AppDelegate.swift */ = {isa = PBXFileReference; lastKnownFileType = sourcecode.swift; path = AppDelegate.swift; sourceTree = "<group>"; };
		10C2CA8926B57E5600B89123 /* SceneDelegate.swift */ = {isa = PBXFileReference; lastKnownFileType = sourcecode.swift; path = SceneDelegate.swift; sourceTree = "<group>"; };
		10C2CA8B26B57E5600B89123 /* ViewController.swift */ = {isa = PBXFileReference; lastKnownFileType = sourcecode.swift; path = ViewController.swift; sourceTree = "<group>"; };
		10C2CA8E26B57E5600B89123 /* Base */ = {isa = PBXFileReference; lastKnownFileType = file.storyboard; name = Base; path = Base.lproj/Main.storyboard; sourceTree = "<group>"; };
		10C2CA9026B57E5800B89123 /* Assets.xcassets */ = {isa = PBXFileReference; lastKnownFileType = folder.assetcatalog; path = Assets.xcassets; sourceTree = "<group>"; };
		10C2CA9326B57E5800B89123 /* Base */ = {isa = PBXFileReference; lastKnownFileType = file.storyboard; name = Base; path = Base.lproj/LaunchScreen.storyboard; sourceTree = "<group>"; };
		10C2CA9526B57E5800B89123 /* Info.plist */ = {isa = PBXFileReference; lastKnownFileType = text.plist.xml; path = Info.plist; sourceTree = "<group>"; };
		10C2CA9A26B57E5800B89123 /* OpenPodSDKTests.xctest */ = {isa = PBXFileReference; explicitFileType = wrapper.cfbundle; includeInIndex = 0; path = OpenPodSDKTests.xctest; sourceTree = BUILT_PRODUCTS_DIR; };
		10C2CA9E26B57E5800B89123 /* PodSDKTests.swift */ = {isa = PBXFileReference; lastKnownFileType = sourcecode.swift; path = PodSDKTests.swift; sourceTree = "<group>"; };
		10C2CAA026B57E5800B89123 /* Info.plist */ = {isa = PBXFileReference; lastKnownFileType = text.plist.xml; path = Info.plist; sourceTree = "<group>"; };
		10C2CAA526B57E5800B89123 /* OpenPodSDKUITests.xctest */ = {isa = PBXFileReference; explicitFileType = wrapper.cfbundle; includeInIndex = 0; path = OpenPodSDKUITests.xctest; sourceTree = BUILT_PRODUCTS_DIR; };
		10C2CAC426B5858800B89123 /* PodState.swift */ = {isa = PBXFileReference; lastKnownFileType = sourcecode.swift; path = PodState.swift; sourceTree = "<group>"; };
		10C2CACA26BA2F8D00B89123 /* KeyExchange.swift */ = {isa = PBXFileReference; lastKnownFileType = sourcecode.swift; path = KeyExchange.swift; sourceTree = "<group>"; };
		10C2CACC26BA2FD100B89123 /* LTKExchanger.swift */ = {isa = PBXFileReference; lastKnownFileType = sourcecode.swift; path = LTKExchanger.swift; sourceTree = "<group>"; };
		10C2CAD326BA3FDB00B89123 /* BLEErrors.swift */ = {isa = PBXFileReference; lastKnownFileType = sourcecode.swift; path = BLEErrors.swift; sourceTree = "<group>"; };
		10C2CAD526BB8DBF00B89123 /* PairMessage.swift */ = {isa = PBXFileReference; lastKnownFileType = sourcecode.swift; path = PairMessage.swift; sourceTree = "<group>"; };
		10C2CAD726BB8F2100B89123 /* PairResult.swift */ = {isa = PBXFileReference; lastKnownFileType = sourcecode.swift; path = PairResult.swift; sourceTree = "<group>"; };
		10C2CADA26BB946400B89123 /* MessageType.swift */ = {isa = PBXFileReference; lastKnownFileType = sourcecode.swift; path = MessageType.swift; sourceTree = "<group>"; };
		10C2CADC26BB95B400B89123 /* MessagePacket.swift */ = {isa = PBXFileReference; lastKnownFileType = sourcecode.swift; path = MessagePacket.swift; sourceTree = "<group>"; };
		10C2CAE226BCE1BD00B89123 /* Ids.swift */ = {isa = PBXFileReference; lastKnownFileType = sourcecode.swift; path = Ids.swift; sourceTree = "<group>"; };
		10C2CAE426BCE36F00B89123 /* Id.swift */ = {isa = PBXFileReference; lastKnownFileType = sourcecode.swift; path = Id.swift; sourceTree = "<group>"; };
		10C2CAE626BCF09A00B89123 /* StringLengthPrefixEncoding.swift */ = {isa = PBXFileReference; lastKnownFileType = sourcecode.swift; path = StringLengthPrefixEncoding.swift; sourceTree = "<group>"; };
		10C2CAE826C09F0400B89123 /* X25519KeyGenerator.swift */ = {isa = PBXFileReference; lastKnownFileType = sourcecode.swift; path = X25519KeyGenerator.swift; sourceTree = "<group>"; };
		10C2CAEA26C09F1600B89123 /* RandomByteGenerator.swift */ = {isa = PBXFileReference; lastKnownFileType = sourcecode.swift; path = RandomByteGenerator.swift; sourceTree = "<group>"; };
		10C2CAED26C4C3CD00B89123 /* BLEPacket.swift */ = {isa = PBXFileReference; lastKnownFileType = sourcecode.swift; path = BLEPacket.swift; sourceTree = "<group>"; };
		10C2CAEF26C4C3F600B89123 /* PayloadJoiner.swift */ = {isa = PBXFileReference; lastKnownFileType = sourcecode.swift; path = PayloadJoiner.swift; sourceTree = "<group>"; };
		10C2CAF126C4C40600B89123 /* PayloadSplitter.swift */ = {isa = PBXFileReference; lastKnownFileType = sourcecode.swift; path = PayloadSplitter.swift; sourceTree = "<group>"; };
		10C2CAF726CC255200B89123 /* PeripheralManager.swift */ = {isa = PBXFileReference; lastKnownFileType = sourcecode.swift; path = PeripheralManager.swift; sourceTree = "<group>"; };
		10C2CAF926CC5BAA00B89123 /* OSLog.swift */ = {isa = PBXFileReference; fileEncoding = 4; lastKnownFileType = sourcecode.swift; path = OSLog.swift; sourceTree = "<group>"; };
		10C2CAFD26CC693B00B89123 /* PodCommands.swift */ = {isa = PBXFileReference; lastKnownFileType = sourcecode.swift; path = PodCommands.swift; sourceTree = "<group>"; };
		10C2CAFF26CC72BA00B89123 /* PodKit.swift */ = {isa = PBXFileReference; lastKnownFileType = sourcecode.swift; path = PodKit.swift; sourceTree = "<group>"; };
		10C2CB0126CD411E00B89123 /* PeripheralManagerError.swift */ = {isa = PBXFileReference; lastKnownFileType = sourcecode.swift; path = PeripheralManagerError.swift; sourceTree = "<group>"; };
		10C2CB0326CD449100B89123 /* BluetoothManager.swift */ = {isa = PBXFileReference; lastKnownFileType = sourcecode.swift; path = BluetoothManager.swift; sourceTree = "<group>"; };
		10C2CB0626CD45C700B89123 /* Locked.swift */ = {isa = PBXFileReference; lastKnownFileType = sourcecode.swift; path = Locked.swift; sourceTree = "<group>"; };
		10C2CB0826CDD49100B89123 /* PodDevice.swift */ = {isa = PBXFileReference; lastKnownFileType = sourcecode.swift; path = PodDevice.swift; sourceTree = "<group>"; };
		10C2CB0A26CDF76C00B89123 /* CBCentralManager.swift */ = {isa = PBXFileReference; lastKnownFileType = sourcecode.swift; path = CBCentralManager.swift; sourceTree = "<group>"; };
/* End PBXFileReference section */

/* Begin PBXFrameworksBuildPhase section */
		10C2CA8126B57E5600B89123 /* Frameworks */ = {
			isa = PBXFrameworksBuildPhase;
			buildActionMask = 2147483647;
			files = (
				103899E526D405B9002115E9 /* CryptoSwift in Frameworks */,
			);
			runOnlyForDeploymentPostprocessing = 0;
		};
		10C2CA9726B57E5800B89123 /* Frameworks */ = {
			isa = PBXFrameworksBuildPhase;
			buildActionMask = 2147483647;
			files = (
			);
			runOnlyForDeploymentPostprocessing = 0;
		};
		10C2CAA226B57E5800B89123 /* Frameworks */ = {
			isa = PBXFrameworksBuildPhase;
			buildActionMask = 2147483647;
			files = (
			);
			runOnlyForDeploymentPostprocessing = 0;
		};
/* End PBXFrameworksBuildPhase section */

/* Begin PBXGroup section */
		10C2CA7B26B57E5600B89123 = {
			isa = PBXGroup;
			children = (
				10C2CA8626B57E5600B89123 /* OpenPodSDK */,
				10C2CA9D26B57E5800B89123 /* OpenPodSDKTests */,
				10C2CA8526B57E5600B89123 /* Products */,
			);
			sourceTree = "<group>";
		};
		10C2CA8526B57E5600B89123 /* Products */ = {
			isa = PBXGroup;
			children = (
				10C2CA8426B57E5600B89123 /* OpenPodSDK.app */,
				10C2CA9A26B57E5800B89123 /* OpenPodSDKTests.xctest */,
				10C2CAA526B57E5800B89123 /* OpenPodSDKUITests.xctest */,
			);
			name = Products;
			sourceTree = "<group>";
		};
		10C2CA8626B57E5600B89123 /* OpenPodSDK */ = {
			isa = PBXGroup;
			children = (
				10C2CB0526CD45B700B89123 /* Common */,
				10C2CAC926B7876D00B89123 /* Pod */,
				10C2CAC826B6F4F100B89123 /* Bluetooth */,
				10C2CA8726B57E5600B89123 /* AppDelegate.swift */,
				10C2CA8926B57E5600B89123 /* SceneDelegate.swift */,
				10C2CA8B26B57E5600B89123 /* ViewController.swift */,
				10C2CA8D26B57E5600B89123 /* Main.storyboard */,
				10C2CA9026B57E5800B89123 /* Assets.xcassets */,
				10C2CA9226B57E5800B89123 /* LaunchScreen.storyboard */,
				10C2CA9526B57E5800B89123 /* Info.plist */,
			);
			path = OpenPodSDK;
			sourceTree = "<group>";
		};
		10C2CA9D26B57E5800B89123 /* OpenPodSDKTests */ = {
			isa = PBXGroup;
			children = (
				10C2CA9E26B57E5800B89123 /* PodSDKTests.swift */,
				10C2CAA026B57E5800B89123 /* Info.plist */,
			);
			path = OpenPodSDKTests;
			sourceTree = "<group>";
		};
		10C2CAC826B6F4F100B89123 /* Bluetooth */ = {
			isa = PBXGroup;
			children = (
				10C2CAEC26C4C3C100B89123 /* Packet */,
				10C2CAD926BB945600B89123 /* Message */,
				10C2CACF26BA305900B89123 /* Util */,
				10C2CACE26BA301800B89123 /* Pair */,
				10C2CB0326CD449100B89123 /* BluetoothManager.swift */,
				10C2CAD326BA3FDB00B89123 /* BLEErrors.swift */,
				10C2CAF726CC255200B89123 /* PeripheralManager.swift */,
				10C2CB0126CD411E00B89123 /* PeripheralManagerError.swift */,
				10C2CAE226BCE1BD00B89123 /* Ids.swift */,
				10C2CAE426BCE36F00B89123 /* Id.swift */,
				10C2CB0A26CDF76C00B89123 /* CBCentralManager.swift */,
			);
			path = Bluetooth;
			sourceTree = "<group>";
		};
		10C2CAC926B7876D00B89123 /* Pod */ = {
			isa = PBXGroup;
			children = (
				10C2CAFF26CC72BA00B89123 /* PodKit.swift */,
				10C2CAFD26CC693B00B89123 /* PodCommands.swift */,
				10C2CAC426B5858800B89123 /* PodState.swift */,
				10C2CB0826CDD49100B89123 /* PodDevice.swift */,
			);
			path = Pod;
			sourceTree = "<group>";
		};
		10C2CACE26BA301800B89123 /* Pair */ = {
			isa = PBXGroup;
			children = (
				10C2CACA26BA2F8D00B89123 /* KeyExchange.swift */,
				10C2CACC26BA2FD100B89123 /* LTKExchanger.swift */,
				10C2CAD526BB8DBF00B89123 /* PairMessage.swift */,
				10C2CAD726BB8F2100B89123 /* PairResult.swift */,
			);
			path = Pair;
			sourceTree = "<group>";
		};
		10C2CACF26BA305900B89123 /* Util */ = {
			isa = PBXGroup;
			children = (
				10C2CAE826C09F0400B89123 /* X25519KeyGenerator.swift */,
				10C2CAEA26C09F1600B89123 /* RandomByteGenerator.swift */,
			);
			path = Util;
			sourceTree = "<group>";
		};
		10C2CAD926BB945600B89123 /* Message */ = {
			isa = PBXGroup;
			children = (
				10C2CADA26BB946400B89123 /* MessageType.swift */,
				10C2CADC26BB95B400B89123 /* MessagePacket.swift */,
				10C2CAE626BCF09A00B89123 /* StringLengthPrefixEncoding.swift */,
			);
			path = Message;
			sourceTree = "<group>";
		};
		10C2CAEC26C4C3C100B89123 /* Packet */ = {
			isa = PBXGroup;
			children = (
				10C2CAED26C4C3CD00B89123 /* BLEPacket.swift */,
				10C2CAEF26C4C3F600B89123 /* PayloadJoiner.swift */,
				10C2CAF126C4C40600B89123 /* PayloadSplitter.swift */,
			);
			path = Packet;
			sourceTree = "<group>";
		};
		10C2CB0526CD45B700B89123 /* Common */ = {
			isa = PBXGroup;
			children = (
				10C2CAF926CC5BAA00B89123 /* OSLog.swift */,
				10C2CB0626CD45C700B89123 /* Locked.swift */,
			);
			path = Common;
			sourceTree = "<group>";
		};
/* End PBXGroup section */

/* Begin PBXNativeTarget section */
		10C2CA8326B57E5600B89123 /* OpenPodSDK */ = {
			isa = PBXNativeTarget;
			buildConfigurationList = 10C2CAAE26B57E5800B89123 /* Build configuration list for PBXNativeTarget "OpenPodSDK" */;
			buildPhases = (
				10C2CA8026B57E5600B89123 /* Sources */,
				10C2CA8126B57E5600B89123 /* Frameworks */,
				10C2CA8226B57E5600B89123 /* Resources */,
			);
			buildRules = (
			);
			dependencies = (
			);
			name = OpenPodSDK;
			packageProductDependencies = (
				103899E426D405B9002115E9 /* CryptoSwift */,
			);
			productName = OpenPodSDK;
			productReference = 10C2CA8426B57E5600B89123 /* OpenPodSDK.app */;
			productType = "com.apple.product-type.application";
		};
		10C2CA9926B57E5800B89123 /* OpenPodSDKTests */ = {
			isa = PBXNativeTarget;
			buildConfigurationList = 10C2CAB126B57E5800B89123 /* Build configuration list for PBXNativeTarget "OpenPodSDKTests" */;
			buildPhases = (
				10C2CA9626B57E5800B89123 /* Sources */,
				10C2CA9726B57E5800B89123 /* Frameworks */,
				10C2CA9826B57E5800B89123 /* Resources */,
			);
			buildRules = (
			);
			dependencies = (
				10C2CA9C26B57E5800B89123 /* PBXTargetDependency */,
			);
			name = OpenPodSDKTests;
			productName = OpenPodSDKTests;
			productReference = 10C2CA9A26B57E5800B89123 /* OpenPodSDKTests.xctest */;
			productType = "com.apple.product-type.bundle.unit-test";
		};
		10C2CAA426B57E5800B89123 /* OpenPodSDKUITests */ = {
			isa = PBXNativeTarget;
			buildConfigurationList = 10C2CAB426B57E5800B89123 /* Build configuration list for PBXNativeTarget "OpenPodSDKUITests" */;
			buildPhases = (
				10C2CAA126B57E5800B89123 /* Sources */,
				10C2CAA226B57E5800B89123 /* Frameworks */,
				10C2CAA326B57E5800B89123 /* Resources */,
			);
			buildRules = (
			);
			dependencies = (
				10C2CAA726B57E5800B89123 /* PBXTargetDependency */,
			);
			name = OpenPodSDKUITests;
			productName = OpenPodSDKUITests;
			productReference = 10C2CAA526B57E5800B89123 /* OpenPodSDKUITests.xctest */;
			productType = "com.apple.product-type.bundle.ui-testing";
		};
/* End PBXNativeTarget section */

/* Begin PBXProject section */
		10C2CA7C26B57E5600B89123 /* Project object */ = {
			isa = PBXProject;
			attributes = {
				LastSwiftUpdateCheck = 1250;
				LastUpgradeCheck = 1250;
				TargetAttributes = {
					10C2CA8326B57E5600B89123 = {
						CreatedOnToolsVersion = 12.5.1;
					};
					10C2CA9926B57E5800B89123 = {
						CreatedOnToolsVersion = 12.5.1;
						TestTargetID = 10C2CA8326B57E5600B89123;
					};
					10C2CAA426B57E5800B89123 = {
						CreatedOnToolsVersion = 12.5.1;
						TestTargetID = 10C2CA8326B57E5600B89123;
					};
				};
			};
			buildConfigurationList = 10C2CA7F26B57E5600B89123 /* Build configuration list for PBXProject "OpenPodSDK" */;
			compatibilityVersion = "Xcode 9.3";
			developmentRegion = en;
			hasScannedForEncodings = 0;
			knownRegions = (
				en,
				Base,
			);
			mainGroup = 10C2CA7B26B57E5600B89123;
			packageReferences = (
				103899E326D405B9002115E9 /* XCRemoteSwiftPackageReference "CryptoSwift" */,
			);
			productRefGroup = 10C2CA8526B57E5600B89123 /* Products */;
			projectDirPath = "";
			projectRoot = "";
			targets = (
				10C2CA8326B57E5600B89123 /* OpenPodSDK */,
				10C2CA9926B57E5800B89123 /* OpenPodSDKTests */,
				10C2CAA426B57E5800B89123 /* OpenPodSDKUITests */,
			);
		};
/* End PBXProject section */

/* Begin PBXResourcesBuildPhase section */
		10C2CA8226B57E5600B89123 /* Resources */ = {
			isa = PBXResourcesBuildPhase;
			buildActionMask = 2147483647;
			files = (
				10C2CA9426B57E5800B89123 /* LaunchScreen.storyboard in Resources */,
				10C2CA9126B57E5800B89123 /* Assets.xcassets in Resources */,
				10C2CA8F26B57E5600B89123 /* Main.storyboard in Resources */,
			);
			runOnlyForDeploymentPostprocessing = 0;
		};
		10C2CA9826B57E5800B89123 /* Resources */ = {
			isa = PBXResourcesBuildPhase;
			buildActionMask = 2147483647;
			files = (
			);
			runOnlyForDeploymentPostprocessing = 0;
		};
		10C2CAA326B57E5800B89123 /* Resources */ = {
			isa = PBXResourcesBuildPhase;
			buildActionMask = 2147483647;
			files = (
			);
			runOnlyForDeploymentPostprocessing = 0;
		};
/* End PBXResourcesBuildPhase section */

/* Begin PBXSourcesBuildPhase section */
		10C2CA8026B57E5600B89123 /* Sources */ = {
			isa = PBXSourcesBuildPhase;
			buildActionMask = 2147483647;
			files = (
				10C2CAEB26C09F1600B89123 /* RandomByteGenerator.swift in Sources */,
				10C2CB0026CC72BA00B89123 /* PodKit.swift in Sources */,
				10C2CAE926C09F0400B89123 /* X25519KeyGenerator.swift in Sources */,
				10C2CAE726BCF09A00B89123 /* StringLengthPrefixEncoding.swift in Sources */,
				10C2CAF826CC255200B89123 /* PeripheralManager.swift in Sources */,
				10C2CAD426BA3FDB00B89123 /* BLEErrors.swift in Sources */,
				10C2CAF026C4C3F600B89123 /* PayloadJoiner.swift in Sources */,
				10C2CAFA26CC5BAA00B89123 /* OSLog.swift in Sources */,
				10C2CAEE26C4C3CD00B89123 /* BLEPacket.swift in Sources */,
				10C2CB0226CD411E00B89123 /* PeripheralManagerError.swift in Sources */,
				10C2CADB26BB946400B89123 /* MessageType.swift in Sources */,
				10C2CB0926CDD49100B89123 /* PodDevice.swift in Sources */,
				10C2CACB26BA2F8D00B89123 /* KeyExchange.swift in Sources */,
				10C2CAFE26CC693B00B89123 /* PodCommands.swift in Sources */,
				10C2CAE326BCE1BD00B89123 /* Ids.swift in Sources */,
				10C2CB0B26CDF76C00B89123 /* CBCentralManager.swift in Sources */,
				10C2CAD826BB8F2100B89123 /* PairResult.swift in Sources */,
				10C2CAF226C4C40600B89123 /* PayloadSplitter.swift in Sources */,
				10C2CA8C26B57E5600B89123 /* ViewController.swift in Sources */,
				10C2CACD26BA2FD100B89123 /* LTKExchanger.swift in Sources */,
				10C2CA8826B57E5600B89123 /* AppDelegate.swift in Sources */,
				10C2CADD26BB95B400B89123 /* MessagePacket.swift in Sources */,
				10C2CB0726CD45C700B89123 /* Locked.swift in Sources */,
				10C2CB0426CD449100B89123 /* BluetoothManager.swift in Sources */,
				10C2CA8A26B57E5600B89123 /* SceneDelegate.swift in Sources */,
				10C2CAC526B5858800B89123 /* PodState.swift in Sources */,
				10C2CAE526BCE36F00B89123 /* Id.swift in Sources */,
				10C2CAD626BB8DBF00B89123 /* PairMessage.swift in Sources */,
			);
			runOnlyForDeploymentPostprocessing = 0;
		};
		10C2CA9626B57E5800B89123 /* Sources */ = {
			isa = PBXSourcesBuildPhase;
			buildActionMask = 2147483647;
			files = (
				10C2CA9F26B57E5800B89123 /* PodSDKTests.swift in Sources */,
			);
			runOnlyForDeploymentPostprocessing = 0;
		};
		10C2CAA126B57E5800B89123 /* Sources */ = {
			isa = PBXSourcesBuildPhase;
			buildActionMask = 2147483647;
			files = (
			);
			runOnlyForDeploymentPostprocessing = 0;
		};
/* End PBXSourcesBuildPhase section */

/* Begin PBXTargetDependency section */
		10C2CA9C26B57E5800B89123 /* PBXTargetDependency */ = {
			isa = PBXTargetDependency;
			target = 10C2CA8326B57E5600B89123 /* OpenPodSDK */;
			targetProxy = 10C2CA9B26B57E5800B89123 /* PBXContainerItemProxy */;
		};
		10C2CAA726B57E5800B89123 /* PBXTargetDependency */ = {
			isa = PBXTargetDependency;
			target = 10C2CA8326B57E5600B89123 /* OpenPodSDK */;
			targetProxy = 10C2CAA626B57E5800B89123 /* PBXContainerItemProxy */;
		};
/* End PBXTargetDependency section */

/* Begin PBXVariantGroup section */
		10C2CA8D26B57E5600B89123 /* Main.storyboard */ = {
			isa = PBXVariantGroup;
			children = (
				10C2CA8E26B57E5600B89123 /* Base */,
			);
			name = Main.storyboard;
			sourceTree = "<group>";
		};
		10C2CA9226B57E5800B89123 /* LaunchScreen.storyboard */ = {
			isa = PBXVariantGroup;
			children = (
				10C2CA9326B57E5800B89123 /* Base */,
			);
			name = LaunchScreen.storyboard;
			sourceTree = "<group>";
		};
/* End PBXVariantGroup section */

/* Begin XCBuildConfiguration section */
		10C2CAAC26B57E5800B89123 /* Debug */ = {
			isa = XCBuildConfiguration;
			buildSettings = {
				ALWAYS_SEARCH_USER_PATHS = NO;
				CLANG_ANALYZER_NONNULL = YES;
				CLANG_ANALYZER_NUMBER_OBJECT_CONVERSION = YES_AGGRESSIVE;
				CLANG_CXX_LANGUAGE_STANDARD = "gnu++14";
				CLANG_CXX_LIBRARY = "libc++";
				CLANG_ENABLE_MODULES = YES;
				CLANG_ENABLE_OBJC_ARC = YES;
				CLANG_ENABLE_OBJC_WEAK = YES;
				CLANG_WARN_BLOCK_CAPTURE_AUTORELEASING = YES;
				CLANG_WARN_BOOL_CONVERSION = YES;
				CLANG_WARN_COMMA = YES;
				CLANG_WARN_CONSTANT_CONVERSION = YES;
				CLANG_WARN_DEPRECATED_OBJC_IMPLEMENTATIONS = YES;
				CLANG_WARN_DIRECT_OBJC_ISA_USAGE = YES_ERROR;
				CLANG_WARN_DOCUMENTATION_COMMENTS = YES;
				CLANG_WARN_EMPTY_BODY = YES;
				CLANG_WARN_ENUM_CONVERSION = YES;
				CLANG_WARN_INFINITE_RECURSION = YES;
				CLANG_WARN_INT_CONVERSION = YES;
				CLANG_WARN_NON_LITERAL_NULL_CONVERSION = YES;
				CLANG_WARN_OBJC_IMPLICIT_RETAIN_SELF = YES;
				CLANG_WARN_OBJC_LITERAL_CONVERSION = YES;
				CLANG_WARN_OBJC_ROOT_CLASS = YES_ERROR;
				CLANG_WARN_QUOTED_INCLUDE_IN_FRAMEWORK_HEADER = YES;
				CLANG_WARN_RANGE_LOOP_ANALYSIS = YES;
				CLANG_WARN_STRICT_PROTOTYPES = YES;
				CLANG_WARN_SUSPICIOUS_MOVE = YES;
				CLANG_WARN_UNGUARDED_AVAILABILITY = YES_AGGRESSIVE;
				CLANG_WARN_UNREACHABLE_CODE = YES;
				CLANG_WARN__DUPLICATE_METHOD_MATCH = YES;
				COPY_PHASE_STRIP = NO;
				DEBUG_INFORMATION_FORMAT = dwarf;
				ENABLE_STRICT_OBJC_MSGSEND = YES;
				ENABLE_TESTABILITY = YES;
				GCC_C_LANGUAGE_STANDARD = gnu11;
				GCC_DYNAMIC_NO_PIC = NO;
				GCC_NO_COMMON_BLOCKS = YES;
				GCC_OPTIMIZATION_LEVEL = 0;
				GCC_PREPROCESSOR_DEFINITIONS = (
					"DEBUG=1",
					"$(inherited)",
				);
				GCC_WARN_64_TO_32_BIT_CONVERSION = YES;
				GCC_WARN_ABOUT_RETURN_TYPE = YES_ERROR;
				GCC_WARN_UNDECLARED_SELECTOR = YES;
				GCC_WARN_UNINITIALIZED_AUTOS = YES_AGGRESSIVE;
				GCC_WARN_UNUSED_FUNCTION = YES;
				GCC_WARN_UNUSED_VARIABLE = YES;
				IPHONEOS_DEPLOYMENT_TARGET = 14.5;
				MTL_ENABLE_DEBUG_INFO = INCLUDE_SOURCE;
				MTL_FAST_MATH = YES;
				ONLY_ACTIVE_ARCH = YES;
				SDKROOT = iphoneos;
				SWIFT_ACTIVE_COMPILATION_CONDITIONS = DEBUG;
				SWIFT_OPTIMIZATION_LEVEL = "-Onone";
			};
			name = Debug;
		};
		10C2CAAD26B57E5800B89123 /* Release */ = {
			isa = XCBuildConfiguration;
			buildSettings = {
				ALWAYS_SEARCH_USER_PATHS = NO;
				CLANG_ANALYZER_NONNULL = YES;
				CLANG_ANALYZER_NUMBER_OBJECT_CONVERSION = YES_AGGRESSIVE;
				CLANG_CXX_LANGUAGE_STANDARD = "gnu++14";
				CLANG_CXX_LIBRARY = "libc++";
				CLANG_ENABLE_MODULES = YES;
				CLANG_ENABLE_OBJC_ARC = YES;
				CLANG_ENABLE_OBJC_WEAK = YES;
				CLANG_WARN_BLOCK_CAPTURE_AUTORELEASING = YES;
				CLANG_WARN_BOOL_CONVERSION = YES;
				CLANG_WARN_COMMA = YES;
				CLANG_WARN_CONSTANT_CONVERSION = YES;
				CLANG_WARN_DEPRECATED_OBJC_IMPLEMENTATIONS = YES;
				CLANG_WARN_DIRECT_OBJC_ISA_USAGE = YES_ERROR;
				CLANG_WARN_DOCUMENTATION_COMMENTS = YES;
				CLANG_WARN_EMPTY_BODY = YES;
				CLANG_WARN_ENUM_CONVERSION = YES;
				CLANG_WARN_INFINITE_RECURSION = YES;
				CLANG_WARN_INT_CONVERSION = YES;
				CLANG_WARN_NON_LITERAL_NULL_CONVERSION = YES;
				CLANG_WARN_OBJC_IMPLICIT_RETAIN_SELF = YES;
				CLANG_WARN_OBJC_LITERAL_CONVERSION = YES;
				CLANG_WARN_OBJC_ROOT_CLASS = YES_ERROR;
				CLANG_WARN_QUOTED_INCLUDE_IN_FRAMEWORK_HEADER = YES;
				CLANG_WARN_RANGE_LOOP_ANALYSIS = YES;
				CLANG_WARN_STRICT_PROTOTYPES = YES;
				CLANG_WARN_SUSPICIOUS_MOVE = YES;
				CLANG_WARN_UNGUARDED_AVAILABILITY = YES_AGGRESSIVE;
				CLANG_WARN_UNREACHABLE_CODE = YES;
				CLANG_WARN__DUPLICATE_METHOD_MATCH = YES;
				COPY_PHASE_STRIP = NO;
				DEBUG_INFORMATION_FORMAT = "dwarf-with-dsym";
				ENABLE_NS_ASSERTIONS = NO;
				ENABLE_STRICT_OBJC_MSGSEND = YES;
				GCC_C_LANGUAGE_STANDARD = gnu11;
				GCC_NO_COMMON_BLOCKS = YES;
				GCC_WARN_64_TO_32_BIT_CONVERSION = YES;
				GCC_WARN_ABOUT_RETURN_TYPE = YES_ERROR;
				GCC_WARN_UNDECLARED_SELECTOR = YES;
				GCC_WARN_UNINITIALIZED_AUTOS = YES_AGGRESSIVE;
				GCC_WARN_UNUSED_FUNCTION = YES;
				GCC_WARN_UNUSED_VARIABLE = YES;
				IPHONEOS_DEPLOYMENT_TARGET = 14.5;
				MTL_ENABLE_DEBUG_INFO = NO;
				MTL_FAST_MATH = YES;
				SDKROOT = iphoneos;
				SWIFT_COMPILATION_MODE = wholemodule;
				SWIFT_OPTIMIZATION_LEVEL = "-O";
				VALIDATE_PRODUCT = YES;
			};
			name = Release;
		};
		10C2CAAF26B57E5800B89123 /* Debug */ = {
			isa = XCBuildConfiguration;
			buildSettings = {
				ASSETCATALOG_COMPILER_APPICON_NAME = AppIcon;
				ASSETCATALOG_COMPILER_GLOBAL_ACCENT_COLOR_NAME = AccentColor;
				CODE_SIGN_STYLE = Automatic;
				DEVELOPMENT_TEAM = W8T2N36AYW;
				INFOPLIST_FILE = OpenPodSDK/Info.plist;
				LD_RUNPATH_SEARCH_PATHS = (
					"$(inherited)",
					"@executable_path/Frameworks",
				);
				PRODUCT_BUNDLE_IDENTIFIER = com.randallknutson.OpenPodSDK;
				PRODUCT_NAME = "$(TARGET_NAME)";
				SWIFT_VERSION = 5.0;
				TARGETED_DEVICE_FAMILY = "1,2";
			};
			name = Debug;
		};
		10C2CAB026B57E5800B89123 /* Release */ = {
			isa = XCBuildConfiguration;
			buildSettings = {
				ASSETCATALOG_COMPILER_APPICON_NAME = AppIcon;
				ASSETCATALOG_COMPILER_GLOBAL_ACCENT_COLOR_NAME = AccentColor;
				CODE_SIGN_STYLE = Automatic;
				DEVELOPMENT_TEAM = W8T2N36AYW;
				INFOPLIST_FILE = OpenPodSDK/Info.plist;
				LD_RUNPATH_SEARCH_PATHS = (
					"$(inherited)",
					"@executable_path/Frameworks",
				);
				PRODUCT_BUNDLE_IDENTIFIER = com.randallknutson.OpenPodSDK;
				PRODUCT_NAME = "$(TARGET_NAME)";
				SWIFT_VERSION = 5.0;
				TARGETED_DEVICE_FAMILY = "1,2";
			};
			name = Release;
		};
		10C2CAB226B57E5800B89123 /* Debug */ = {
			isa = XCBuildConfiguration;
			buildSettings = {
				ALWAYS_EMBED_SWIFT_STANDARD_LIBRARIES = YES;
				BUNDLE_LOADER = "$(TEST_HOST)";
				CODE_SIGN_STYLE = Automatic;
				DEVELOPMENT_TEAM = W8T2N36AYW;
				INFOPLIST_FILE = OpenPodSDKTests/Info.plist;
				IPHONEOS_DEPLOYMENT_TARGET = 14.5;
				LD_RUNPATH_SEARCH_PATHS = (
					"$(inherited)",
					"@executable_path/Frameworks",
					"@loader_path/Frameworks",
				);
				PRODUCT_BUNDLE_IDENTIFIER = com.randallknutson.OpenPodSDKTests;
				PRODUCT_NAME = "$(TARGET_NAME)";
				SWIFT_VERSION = 5.0;
				TARGETED_DEVICE_FAMILY = "1,2";
				TEST_HOST = "$(BUILT_PRODUCTS_DIR)/OpenPodSDK.app/OpenPodSDK";
			};
			name = Debug;
		};
		10C2CAB326B57E5800B89123 /* Release */ = {
			isa = XCBuildConfiguration;
			buildSettings = {
				ALWAYS_EMBED_SWIFT_STANDARD_LIBRARIES = YES;
				BUNDLE_LOADER = "$(TEST_HOST)";
				CODE_SIGN_STYLE = Automatic;
				DEVELOPMENT_TEAM = W8T2N36AYW;
				INFOPLIST_FILE = OpenPodSDKTests/Info.plist;
				IPHONEOS_DEPLOYMENT_TARGET = 14.5;
				LD_RUNPATH_SEARCH_PATHS = (
					"$(inherited)",
					"@executable_path/Frameworks",
					"@loader_path/Frameworks",
				);
				PRODUCT_BUNDLE_IDENTIFIER = com.randallknutson.OpenPodSDKTests;
				PRODUCT_NAME = "$(TARGET_NAME)";
				SWIFT_VERSION = 5.0;
				TARGETED_DEVICE_FAMILY = "1,2";
				TEST_HOST = "$(BUILT_PRODUCTS_DIR)/OpenPodSDK.app/OpenPodSDK";
			};
			name = Release;
		};
		10C2CAB526B57E5800B89123 /* Debug */ = {
			isa = XCBuildConfiguration;
			buildSettings = {
				ALWAYS_EMBED_SWIFT_STANDARD_LIBRARIES = YES;
				CODE_SIGN_STYLE = Automatic;
				DEVELOPMENT_TEAM = W8T2N36AYW;
				INFOPLIST_FILE = OpenPodSDKUITests/Info.plist;
				LD_RUNPATH_SEARCH_PATHS = (
					"$(inherited)",
					"@executable_path/Frameworks",
					"@loader_path/Frameworks",
				);
				PRODUCT_BUNDLE_IDENTIFIER = com.randallknutson.OpenPodSDKUITests;
				PRODUCT_NAME = "$(TARGET_NAME)";
				SWIFT_VERSION = 5.0;
				TARGETED_DEVICE_FAMILY = "1,2";
				TEST_TARGET_NAME = OpenPodSDK;
			};
			name = Debug;
		};
		10C2CAB626B57E5800B89123 /* Release */ = {
			isa = XCBuildConfiguration;
			buildSettings = {
				ALWAYS_EMBED_SWIFT_STANDARD_LIBRARIES = YES;
				CODE_SIGN_STYLE = Automatic;
				DEVELOPMENT_TEAM = W8T2N36AYW;
				INFOPLIST_FILE = OpenPodSDKUITests/Info.plist;
				LD_RUNPATH_SEARCH_PATHS = (
					"$(inherited)",
					"@executable_path/Frameworks",
					"@loader_path/Frameworks",
				);
				PRODUCT_BUNDLE_IDENTIFIER = com.randallknutson.OpenPodSDKUITests;
				PRODUCT_NAME = "$(TARGET_NAME)";
				SWIFT_VERSION = 5.0;
				TARGETED_DEVICE_FAMILY = "1,2";
				TEST_TARGET_NAME = OpenPodSDK;
			};
			name = Release;
		};
/* End XCBuildConfiguration section */

/* Begin XCConfigurationList section */
		10C2CA7F26B57E5600B89123 /* Build configuration list for PBXProject "OpenPodSDK" */ = {
			isa = XCConfigurationList;
			buildConfigurations = (
				10C2CAAC26B57E5800B89123 /* Debug */,
				10C2CAAD26B57E5800B89123 /* Release */,
			);
			defaultConfigurationIsVisible = 0;
			defaultConfigurationName = Release;
		};
		10C2CAAE26B57E5800B89123 /* Build configuration list for PBXNativeTarget "OpenPodSDK" */ = {
			isa = XCConfigurationList;
			buildConfigurations = (
				10C2CAAF26B57E5800B89123 /* Debug */,
				10C2CAB026B57E5800B89123 /* Release */,
			);
			defaultConfigurationIsVisible = 0;
			defaultConfigurationName = Release;
		};
		10C2CAB126B57E5800B89123 /* Build configuration list for PBXNativeTarget "OpenPodSDKTests" */ = {
			isa = XCConfigurationList;
			buildConfigurations = (
				10C2CAB226B57E5800B89123 /* Debug */,
				10C2CAB326B57E5800B89123 /* Release */,
			);
			defaultConfigurationIsVisible = 0;
			defaultConfigurationName = Release;
		};
		10C2CAB426B57E5800B89123 /* Build configuration list for PBXNativeTarget "OpenPodSDKUITests" */ = {
			isa = XCConfigurationList;
			buildConfigurations = (
				10C2CAB526B57E5800B89123 /* Debug */,
				10C2CAB626B57E5800B89123 /* Release */,
			);
			defaultConfigurationIsVisible = 0;
			defaultConfigurationName = Release;
		};
/* End XCConfigurationList section */

/* Begin XCRemoteSwiftPackageReference section */
		103899E326D405B9002115E9 /* XCRemoteSwiftPackageReference "CryptoSwift" */ = {
			isa = XCRemoteSwiftPackageReference;
			repositoryURL = "https://github.com/krzyzanowskim/CryptoSwift";
			requirement = {
				kind = upToNextMajorVersion;
				minimumVersion = 1.4.1;
			};
		};
/* End XCRemoteSwiftPackageReference section */

/* Begin XCSwiftPackageProductDependency section */
		103899E426D405B9002115E9 /* CryptoSwift */ = {
			isa = XCSwiftPackageProductDependency;
			package = 103899E326D405B9002115E9 /* XCRemoteSwiftPackageReference "CryptoSwift" */;
			productName = CryptoSwift;
		};
/* End XCSwiftPackageProductDependency section */
	};
	rootObject = 10C2CA7C26B57E5600B89123 /* Project object */;
}
